{
  "name": "saom",
  "version": "1.0.0",
  "lockfileVersion": 3,
  "requires": true,
  "packages": {
    "": {
      "name": "saom",
      "version": "1.0.0",
      "dependencies": {
        "@alicloud/mpserverless-sdk": "^3.1.1"
      }
    },
    "node_modules/@alicloud/mpserverless-sdk": {
      "version": "3.1.5",
      "resolved": "https://registry.npmjs.org/@alicloud/mpserverless-sdk/-/mpserverless-sdk-3.1.5.tgz",
      "integrity": "sha512-/kPKI9Rjmdcbeds1ShUrwgJWykAAKsNB5Q0vdaGETFUHUolWGkR6dy8MsRDTyfMFT8qs7DxS10WkyAFFQ5e0Zw==",
      "license": "MIT",
      "engines": {
        "node": ">=8.0.0"
      }
    }
  }
}
